
Microsoft Visual Studio Solution File, Format Version 12.00
# Visual Studio Version 17
VisualStudioVersion = 17.0.31903.59
MinimumVisualStudioVersion = 10.0.40219.1
Project("{FAE04EC0-301F-11D3-BF4B-00C04F79EFBC}") = "SampleBot", "SampleBot\SampleBot.csproj", "{B0ABD4A9-B31E-4221-AE1F-D243D8F87BF2}"
EndProject
Project("{FAE04EC0-301F-11D3-BF4B-00C04F79EFBC}") = "SampleBot.Tests", "SampleBot.Tests\SampleBot.Tests.csproj", "{DA0E3855-5205-41ED-9D02-70D930CCDC6C}"
EndProject
Global
	GlobalSection(SolutionConfigurationPlatforms) = preSolution
		Debug|Any CPU = Debug|Any CPU
		Release|Any CPU = Release|Any CPU
	EndGlobalSection
	GlobalSection(SolutionProperties) = preSolution
		HideSolutionNode = FALSE
	EndGlobalSection
	GlobalSection(ProjectConfigurationPlatforms) = postSolution
		{B0ABD4A9-B31E-4221-AE1F-D243D8F87BF2}.Debug|Any CPU.ActiveCfg = Debug|Any CPU
		{B0ABD4A9-B31E-4221-AE1F-D243D8F87BF2}.Debug|Any CPU.Build.0 = Debug|Any CPU
		{B0ABD4A9-B31E-4221-AE1F-D243D8F87BF2}.Release|Any CPU.ActiveCfg = Release|Any CPU
		{B0ABD4A9-B31E-4221-AE1F-D243D8F87BF2}.Release|Any CPU.Build.0 = Release|Any CPU
		{DA0E3855-5205-41ED-9D02-70D930CCDC6C}.Debug|Any CPU.ActiveCfg = Debug|Any CPU
		{DA0E3855-5205-41ED-9D02-70D930CCDC6C}.Debug|Any CPU.Build.0 = Debug|Any CPU
		{DA0E3855-5205-41ED-9D02-70D930CCDC6C}.Release|Any CPU.ActiveCfg = Release|Any CPU
		{DA0E3855-5205-41ED-9D02-70D930CCDC6C}.Release|Any CPU.Build.0 = Release|Any CPU
	EndGlobalSection
EndGlobal
